// !$*UTF8*$!
{
	archiveVersion = 1;
	classes = {
	};
	objectVersion = 46;
	objects = {

		CCF23BBFA362D2B0A4BABF4A = {isa = PBXBuildFile; fileRef = 0B14F1A92E6A0F14C5049443; };
		E7CE9C4497728500076F79E3 = {isa = PBXBuildFile; fileRef = B18D6D9B40B7110888910A03; };
		FACC988D53B7BB1193EFC8E6 = {isa = PBXBuildFile; fileRef = 63E34DE68111D7EB3666E841; };
		8B63C4B71A9E65708CB3AE3C = {isa = PBXBuildFile; fileRef = 00DE64A1B187A9747EE42CB7; };
		5056358AEB8FC12A106DFB75 = {isa = PBXBuildFile; fileRef = BAE8300A4984ECBEBDCE9BCC; };
		48F9A522105724B80C831259 = {isa = PBXBuildFile; fileRef = F2DC7B3D78AD1D9C00943262; };
		B9EC6D82E3BE078D390C2412 = {isa = PBXBuildFile; fileRef = 6ADFF8752CF0E63860D99019; };
		331F8B57B977F8C9A082FD34 = {isa = PBXBuildFile; fileRef = 21DC58A0073DD15DB8F52F5E; };
		86234E9DFDC5165DD4297FE4 = {isa = PBXBuildFile; fileRef = 03BC614EAEA468C624A98B4B; };
		89F17801EF3ADDBBA8A6FF16 = {isa = PBXBuildFile; fileRef = 46E43880D203C52AE4057059; };
		3284CC4767E365CB7B5AA256 = {isa = PBXBuildFile; fileRef = 5A08CC6E3E20F337530771E0; };
		36F2754DB568239B2FC778EC = {isa = PBXBuildFile; fileRef = B55A05BD5F5582BA33A539E7; };
		6EF8D709F8898C31571FBB79 = {isa = PBXBuildFile; fileRef = E8A10A327B951241F131367E; };
		7F2FDBA6FFC7B31E5BE18F15 = {isa = PBXBuildFile; fileRef = 014327DAF7F0CE618BCBA54C; };
		ABA6F347F84AC3BE8C3D0D73 = {isa = PBXBuildFile; fileRef = 81BA000E6F5B05654C4984B4; };
		701CF5DDEA4CB4C7058ECC92 = {isa = PBXBuildFile; fileRef = DD43D06347942059C9705978; };
		F3B8B75BCE3902F7423E23F3 = {isa = PBXBuildFile; fileRef = 5DA7D97E78DDBC4B31B3D971; };
		077857C5F79270997F07A9E6 = {isa = PBXBuildFile; fileRef = 4C34F422BD528DE6CCC7D67D; };
		73D3E3BC9D5D34CAE14189B0 = {isa = PBXBuildFile; fileRef = 6913DD1DF030673EAE1EF961; };
		D2EE59A5CE22B21A9404211A = {isa = PBXBuildFile; fileRef = 5102D34C9575C15E06BCC228; };
		C5BE6C25E693E62B8A1E8CD8 = {isa = PBXBuildFile; fileRef = AA6FCCB65DC49530088062A9; };
		A672CC011AB85C60CD844B76 = {isa = PBXBuildFile; fileRef = 356359C7E25231D32AFD6C68; };
		CE521AF00CE3433DE9ED8924 = {isa = PBXBuildFile; fileRef = 5BAE60EB4A2D48DDFF8CA45B; };
		779BBDE1E6C0D67E9168C009 = {isa = PBXBuildFile; fileRef = 8EFD243E87CD499002F99B72; };
		8C41E4F57CAFE28BD4DA8402 = {isa = PBXBuildFile; fileRef = A151119308C493C7FADCABFC; };
		D995FD4804DC2BAFF238C200 = {isa = PBXBuildFile; fileRef = 3605E42728C4AF0814D08E63; };
		CF3440E7A1C5968601FCDBDA = {isa = PBXBuildFile; fileRef = DA694CA925A0A5ACBB2CF05E; };
		C32678FDE323A36EB6B6D403 = {isa = PBXBuildFile; fileRef = A2E9FFBA49C2AC7CB30F4C88; };
		57FE52F2C6069ACEB6EE3B40 = {isa = PBXBuildFile; fileRef = C4B123B7FECEA434157D2ABB; };
		3011DB9D6F9213906DA427DB = {isa = PBXBuildFile; fileRef = 19561225AF0B2F1062A511FE; };
		70D10B9ACCF61072086AC13A = {isa = PBXBuildFile; fileRef = BE3EF3B3C82CA4D4644B0D96; };
		5AAD8C6919232C6915D75B29 = {isa = PBXBuildFile; fileRef = 1E1211269806095A8B9509BF; };
		20F15D3B17139138F2A64CC7 = {isa = PBXBuildFile; fileRef = E60B26D7AE2F340622C9EB66; };
		5ADA53FBB2998A8D07B3D19D = {isa = PBXBuildFile; fileRef = A10B8A2F0854498CE21DF65F; };
		B991624D10189EFFDF46CDBD = {isa = PBXBuildFile; fileRef = FD08C6F5C8672F33E0D64E83; };
		F90DF62D3EEEE675658CECB6 = {isa = PBXBuildFile; fileRef = 0E8FB44B8C6FF801C1D6C897; };
		1778763E8B2782FAF9FD4EED = {isa = PBXBuildFile; fileRef = 9F3232AE5A03C0567456D366; };
		D26A1F6842875447A3B65D84 = {isa = PBXBuildFile; fileRef = 888771793E70846C1CFB5D6A; };
		77A2C662DF92D7B56EB90528 = {isa = PBXBuildFile; fileRef = 8273609260988F016F64B0A5; };
		00DE64A1B187A9747EE42CB7 = {isa = PBXFileReference; lastKnownFileType = wrapper.framework; name = Accelerate.framework; path = System/Library/Frameworks/Accelerate.framework; sourceTree = SDKROOT; };
		014327DAF7F0CE618BCBA54C = {isa = PBXFileReference; lastKnownFileType = wrapper.framework; name = IOKit.framework; path = System/Library/Frameworks/IOKit.framework; sourceTree = SDKROOT; };
		03BC614EAEA468C624A98B4B = {isa = PBXFileReference; lastKnownFileType = wrapper.framework; name = Cocoa.framework; path = System/Library/Frameworks/Cocoa.framework; sourceTree = SDKROOT; };
		0B14F1A92E6A0F14C5049443 = {isa = PBXFileReference; explicitFileType = wrapper.cfbundle; includeInIndex = 0; path = NewProject.vst; sourceTree = "BUILT_PRODUCTS_DIR"; };
		0C6E5874618ACD72C0135C2E = {isa = PBXFileReference; lastKnownFileType = sourcecode.c.h; name = "BLITSineHardSync_voice.h"; path = "../../Source/BLITSineHardSync_voice.h"; sourceTree = "SOURCE_ROOT"; };
		0E8FB44B8C6FF801C1D6C897 = {isa = PBXFileReference; lastKnownFileType = sourcecode.cpp.objcpp; name = "include_juce_gui_basics.mm"; path = "../../JuceLibraryCode/include_juce_gui_basics.mm"; sourceTree = "SOURCE_ROOT"; };
		14F9F9A11265BB1D66486CFE = {isa = PBXFileReference; lastKnownFileType = file; name = "juce_audio_devices"; path = "~/JUCE/modules/juce_audio_devices"; sourceTree = "<absolute>"; };
		19561225AF0B2F1062A511FE = {isa = PBXFileReference; lastKnownFileType = sourcecode.cpp.objcpp; name = "include_juce_audio_utils.mm"; path = "../../JuceLibraryCode/include_juce_audio_utils.mm"; sourceTree = "SOURCE_ROOT"; };
		1CC98A5B1DF55E0358B8B98F = {isa = PBXFileReference; lastKnownFileType = file; name = "juce_data_structures"; path = "~/JUCE/modules/juce_data_structures"; sourceTree = "<absolute>"; };
		1E1211269806095A8B9509BF = {isa = PBXFileReference; lastKnownFileType = sourcecode.cpp.objcpp; name = "include_juce_cryptography.mm"; path = "../../JuceLibraryCode/include_juce_cryptography.mm"; sourceTree = "SOURCE_ROOT"; };
		21DC58A0073DD15DB8F52F5E = {isa = PBXFileReference; lastKnownFileType = wrapper.framework; name = Carbon.framework; path = System/Library/Frameworks/Carbon.framework; sourceTree = SDKROOT; };
		257E9F7F412167A3F2D3FC10 = {isa = PBXFileReference; lastKnownFileType = sourcecode.c.h; name = "BLITSineHardSync_sound.h"; path = "../../Source/BLITSineHardSync_sound.h"; sourceTree = "SOURCE_ROOT"; };
		353FA5F4169004BCF65F0411 = {isa = PBXFileReference; lastKnownFileType = file; name = "juce_audio_processors"; path = "~/JUCE/modules/juce_audio_processors"; sourceTree = "<absolute>"; };
		356359C7E25231D32AFD6C68 = {isa = PBXFileReference; lastKnownFileType = sourcecode.cpp.objcpp; name = "include_juce_audio_basics.mm"; path = "../../JuceLibraryCode/include_juce_audio_basics.mm"; sourceTree = "SOURCE_ROOT"; };
		3605E42728C4AF0814D08E63 = {isa = PBXFileReference; lastKnownFileType = sourcecode.cpp.objcpp; name = "include_juce_audio_plugin_client_VST_utils.mm"; path = "../../JuceLibraryCode/include_juce_audio_plugin_client_VST_utils.mm"; sourceTree = "SOURCE_ROOT"; };
		3871C1A892FEA6ADF5DFEB49 = {isa = PBXFileReference; lastKnownFileType = file; name = "juce_audio_formats"; path = "~/JUCE/modules/juce_audio_formats"; sourceTree = "<absolute>"; };
		42D8AC273C847FECF0F5C253 = {isa = PBXFileReference; lastKnownFileType = file; name = "juce_video"; path = "~/JUCE/modules/juce_video"; sourceTree = "<absolute>"; };
		46391745809F83A2E2EBE0E5 = {isa = PBXFileReference; lastKnownFileType = file; name = "juce_core"; path = "~/JUCE/modules/juce_core"; sourceTree = "<absolute>"; };
		46E43880D203C52AE4057059 = {isa = PBXFileReference; lastKnownFileType = wrapper.framework; name = CoreAudio.framework; path = System/Library/Frameworks/CoreAudio.framework; sourceTree = SDKROOT; };
		48239193E55B486C5BE1A057 = {isa = PBXFileReference; lastKnownFileType = file; name = "juce_graphics"; path = "~/JUCE/modules/juce_graphics"; sourceTree = "<absolute>"; };
		4B6E27B58442C30EC84A6487 = {isa = PBXFileReference; lastKnownFileType = text.plist.xml; name = "Info-VST3.plist"; path = "Info-VST3.plist"; sourceTree = "SOURCE_ROOT"; };
		4C34F422BD528DE6CCC7D67D = {isa = PBXFileReference; lastKnownFileType = file.nib; name = RecentFilesMenuTemplate.nib; path = RecentFilesMenuTemplate.nib; sourceTree = "SOURCE_ROOT"; };
		5102D34C9575C15E06BCC228 = {isa = PBXFileReference; lastKnownFileType = sourcecode.cpp.cpp; name = "BLITSineHardSync_sound.cpp"; path = "../../Source/BLITSineHardSync_sound.cpp"; sourceTree = "SOURCE_ROOT"; };
		51AA3D6A4BD9075608192830 = {isa = PBXFileReference; lastKnownFileType = sourcecode.c.h; name = AppConfig.h; path = ../../JuceLibraryCode/AppConfig.h; sourceTree = "SOURCE_ROOT"; };
		53EE97D8A6DE82F29CFC59DC = {isa = PBXFileReference; lastKnownFileType = text.plist.xml; name = NewProject.entitlements; path = NewProject.entitlements; sourceTree = "SOURCE_ROOT"; };
		5A08CC6E3E20F337530771E0 = {isa = PBXFileReference; lastKnownFileType = wrapper.framework; name = CoreMedia.framework; path = System/Library/Frameworks/CoreMedia.framework; sourceTree = SDKROOT; };
		5BAE60EB4A2D48DDFF8CA45B = {isa = PBXFileReference; lastKnownFileType = sourcecode.cpp.objcpp; name = "include_juce_audio_devices.mm"; path = "../../JuceLibraryCode/include_juce_audio_devices.mm"; sourceTree = "SOURCE_ROOT"; };
		5DA7D97E78DDBC4B31B3D971 = {isa = PBXFileReference; lastKnownFileType = wrapper.framework; name = WebKit.framework; path = System/Library/Frameworks/WebKit.framework; sourceTree = SDKROOT; };
		68419FB06CF1AD84F5E6A1AC = {isa = PBXFileReference; lastKnownFileType = file; name = "juce_gui_basics"; path = "~/JUCE/modules/juce_gui_basics"; sourceTree = "<absolute>"; };
		6913DD1DF030673EAE1EF961 = {isa = PBXFileReference; lastKnownFileType = sourcecode.cpp.cpp; name = "BLITSineHardSync_processor.cpp"; path = "../../Source/BLITSineHardSync_processor.cpp"; sourceTree = "SOURCE_ROOT"; };
		81BA000E6F5B05654C4984B4 = {isa = PBXFileReference; lastKnownFileType = wrapper.framework; name = OpenGL.framework; path = System/Library/Frameworks/OpenGL.framework; sourceTree = SDKROOT; };
		8273609260988F016F64B0A5 = {isa = PBXFileReference; lastKnownFileType = sourcecode.cpp.objcpp; name = "include_juce_video.mm"; path = "../../JuceLibraryCode/include_juce_video.mm"; sourceTree = "SOURCE_ROOT"; };
		888771793E70846C1CFB5D6A = {isa = PBXFileReference; lastKnownFileType = sourcecode.cpp.objcpp; name = "include_juce_opengl.mm"; path = "../../JuceLibraryCode/include_juce_opengl.mm"; sourceTree = "SOURCE_ROOT"; };
		8EFD243E87CD499002F99B72 = {isa = PBXFileReference; lastKnownFileType = sourcecode.cpp.objcpp; name = "include_juce_audio_formats.mm"; path = "../../JuceLibraryCode/include_juce_audio_formats.mm"; sourceTree = "SOURCE_ROOT"; };
		967B866708854C058DEB72EF = {isa = PBXFileReference; lastKnownFileType = file; name = "juce_audio_utils"; path = "~/JUCE/modules/juce_audio_utils"; sourceTree = "<absolute>"; };
		9F3232AE5A03C0567456D366 = {isa = PBXFileReference; lastKnownFileType = sourcecode.cpp.objcpp; name = "include_juce_gui_extra.mm"; path = "../../JuceLibraryCode/include_juce_gui_extra.mm"; sourceTree = "SOURCE_ROOT"; };
		A10B8A2F0854498CE21DF65F = {isa = PBXFileReference; lastKnownFileType = sourcecode.cpp.objcpp; name = "include_juce_events.mm"; path = "../../JuceLibraryCode/include_juce_events.mm"; sourceTree = "SOURCE_ROOT"; };
		A151119308C493C7FADCABFC = {isa = PBXFileReference; lastKnownFileType = sourcecode.cpp.cpp; name = "include_juce_audio_plugin_client_utils.cpp"; path = "../../JuceLibraryCode/include_juce_audio_plugin_client_utils.cpp"; sourceTree = "SOURCE_ROOT"; };
		A2E9FFBA49C2AC7CB30F4C88 = {isa = PBXFileReference; lastKnownFileType = sourcecode.cpp.cpp; name = "include_juce_audio_plugin_client_VST3.cpp"; path = "../../JuceLibraryCode/include_juce_audio_plugin_client_VST3.cpp"; sourceTree = "SOURCE_ROOT"; };
		A5F3EDBF7BA042AE0D10216F = {isa = PBXFileReference; lastKnownFileType = file; name = "juce_cryptography"; path = "~/JUCE/modules/juce_cryptography"; sourceTree = "<absolute>"; };
		AA6FCCB65DC49530088062A9 = {isa = PBXFileReference; lastKnownFileType = sourcecode.cpp.cpp; name = "BLITSineHardSync_voice.cpp"; path = "../../Source/BLITSineHardSync_voice.cpp"; sourceTree = "SOURCE_ROOT"; };
		B18D6D9B40B7110888910A03 = {isa = PBXFileReference; explicitFileType = wrapper.cfbundle; includeInIndex = 0; path = NewProject.vst3; sourceTree = "BUILT_PRODUCTS_DIR"; };
		63E34DE68111D7EB3666E841 = {isa = PBXFileReference; explicitFileType = archive.ar; includeInIndex = 0; path = libNewProject.a; sourceTree = "BUILT_PRODUCTS_DIR"; };
		6ADFF8752CF0E63860D99019 = {isa = PBXFileReference; lastKnownFileType = wrapper.framework; name = AVKit.framework; path = System/Library/Frameworks/AVKit.framework; sourceTree = SDKROOT; };
		B55A05BD5F5582BA33A539E7 = {isa = PBXFileReference; lastKnownFileType = wrapper.framework; name = CoreMIDI.framework; path = System/Library/Frameworks/CoreMIDI.framework; sourceTree = SDKROOT; };
		B83414078BEF2C22809554B2 = {isa = PBXFileReference; lastKnownFileType = file; name = "juce_audio_basics"; path = "~/JUCE/modules/juce_audio_basics"; sourceTree = "<absolute>"; };
		BAE8300A4984ECBEBDCE9BCC = {isa = PBXFileReference; lastKnownFileType = wrapper.framework; name = AudioToolbox.framework; path = System/Library/Frameworks/AudioToolbox.framework; sourceTree = SDKROOT; };
		BE3EF3B3C82CA4D4644B0D96 = {isa = PBXFileReference; lastKnownFileType = sourcecode.cpp.objcpp; name = "include_juce_core.mm"; path = "../../JuceLibraryCode/include_juce_core.mm"; sourceTree = "SOURCE_ROOT"; };
		C10B49984207852101E57809 = {isa = PBXFileReference; lastKnownFileType = sourcecode.c.h; name = "BLITSineHardSync_processor.h"; path = "../../Source/BLITSineHardSync_processor.h"; sourceTree = "SOURCE_ROOT"; };
		C4B123B7FECEA434157D2ABB = {isa = PBXFileReference; lastKnownFileType = sourcecode.cpp.objcpp; name = "include_juce_audio_processors.mm"; path = "../../JuceLibraryCode/include_juce_audio_processors.mm"; sourceTree = "SOURCE_ROOT"; };
		C674945B72BC5A6B7DB45126 = {isa = PBXFileReference; lastKnownFileType = file; name = "juce_opengl"; path = "~/JUCE/modules/juce_opengl"; sourceTree = "<absolute>"; };
		C7CB66F076F6443C5814E75F = {isa = PBXFileReference; lastKnownFileType = file; name = "juce_gui_extra"; path = "~/JUCE/modules/juce_gui_extra"; sourceTree = "<absolute>"; };
		CF77C4B57FE3EA657A626048 = {isa = PBXFileReference; lastKnownFileType = file; name = "juce_events"; path = "~/JUCE/modules/juce_events"; sourceTree = "<absolute>"; };
		DA06B1D1C18B6BB75745D9D1 = {isa = PBXFileReference; lastKnownFileType = file; name = "juce_audio_plugin_client"; path = "~/JUCE/modules/juce_audio_plugin_client"; sourceTree = "<absolute>"; };
		DA694CA925A0A5ACBB2CF05E = {isa = PBXFileReference; lastKnownFileType = sourcecode.cpp.cpp; name = "include_juce_audio_plugin_client_VST2.cpp"; path = "../../JuceLibraryCode/include_juce_audio_plugin_client_VST2.cpp"; sourceTree = "SOURCE_ROOT"; };
		DD43D06347942059C9705978 = {isa = PBXFileReference; lastKnownFileType = wrapper.framework; name = QuartzCore.framework; path = System/Library/Frameworks/QuartzCore.framework; sourceTree = SDKROOT; };
		E60B26D7AE2F340622C9EB66 = {isa = PBXFileReference; lastKnownFileType = sourcecode.cpp.objcpp; name = "include_juce_data_structures.mm"; path = "../../JuceLibraryCode/include_juce_data_structures.mm"; sourceTree = "SOURCE_ROOT"; };
		E7957483707DB6F20343712D = {isa = PBXFileReference; lastKnownFileType = sourcecode.c.h; name = JuceHeader.h; path = ../../JuceLibraryCode/JuceHeader.h; sourceTree = "SOURCE_ROOT"; };
		E8A10A327B951241F131367E = {isa = PBXFileReference; lastKnownFileType = wrapper.framework; name = DiscRecording.framework; path = System/Library/Frameworks/DiscRecording.framework; sourceTree = SDKROOT; };
		F2DC7B3D78AD1D9C00943262 = {isa = PBXFileReference; lastKnownFileType = wrapper.framework; name = AVFoundation.framework; path = System/Library/Frameworks/AVFoundation.framework; sourceTree = SDKROOT; };
		F3F0362A5D1F4705A0660359 = {isa = PBXFileReference; lastKnownFileType = text.plist.xml; name = "Info-VST.plist"; path = "Info-VST.plist"; sourceTree = "SOURCE_ROOT"; };
		FD08C6F5C8672F33E0D64E83 = {isa = PBXFileReference; lastKnownFileType = sourcecode.cpp.objcpp; name = "include_juce_graphics.mm"; path = "../../JuceLibraryCode/include_juce_graphics.mm"; sourceTree = "SOURCE_ROOT"; };
		3705149929871301FD3123E6 = {isa = PBXGroup; children = (
					6913DD1DF030673EAE1EF961,
					C10B49984207852101E57809,
					5102D34C9575C15E06BCC228,
					257E9F7F412167A3F2D3FC10,
					AA6FCCB65DC49530088062A9,
					0C6E5874618ACD72C0135C2E, ); name = Source; sourceTree = "<group>"; };
		5F66133C777CCA6093103B05 = {isa = PBXGroup; children = (
					3705149929871301FD3123E6, ); name = NewProject; sourceTree = "<group>"; };
		7C96C064AD54F1890CF8630E = {isa = PBXGroup; children = (
					B83414078BEF2C22809554B2,
					14F9F9A11265BB1D66486CFE,
					3871C1A892FEA6ADF5DFEB49,
					DA06B1D1C18B6BB75745D9D1,
					353FA5F4169004BCF65F0411,
					967B866708854C058DEB72EF,
					46391745809F83A2E2EBE0E5,
					A5F3EDBF7BA042AE0D10216F,
					1CC98A5B1DF55E0358B8B98F,
					CF77C4B57FE3EA657A626048,
					48239193E55B486C5BE1A057,
					68419FB06CF1AD84F5E6A1AC,
					C7CB66F076F6443C5814E75F,
					C674945B72BC5A6B7DB45126,
					42D8AC273C847FECF0F5C253, ); name = "Juce Modules"; sourceTree = "<group>"; };
		35DCFBBE03AF1E8E08A4DC46 = {isa = PBXGroup; children = (
					51AA3D6A4BD9075608192830,
					356359C7E25231D32AFD6C68,
					5BAE60EB4A2D48DDFF8CA45B,
					8EFD243E87CD499002F99B72,
					A151119308C493C7FADCABFC,
					3605E42728C4AF0814D08E63,
					DA694CA925A0A5ACBB2CF05E,
					A2E9FFBA49C2AC7CB30F4C88,
					C4B123B7FECEA434157D2ABB,
					19561225AF0B2F1062A511FE,
					BE3EF3B3C82CA4D4644B0D96,
					1E1211269806095A8B9509BF,
					E60B26D7AE2F340622C9EB66,
					A10B8A2F0854498CE21DF65F,
					FD08C6F5C8672F33E0D64E83,
					0E8FB44B8C6FF801C1D6C897,
					9F3232AE5A03C0567456D366,
					888771793E70846C1CFB5D6A,
					8273609260988F016F64B0A5,
					E7957483707DB6F20343712D, ); name = "Juce Library Code"; sourceTree = "<group>"; };
		1D3F271C7CE173BA015D0250 = {isa = PBXGroup; children = (
					F3F0362A5D1F4705A0660359,
					4B6E27B58442C30EC84A6487,
					4C34F422BD528DE6CCC7D67D, ); name = Resources; sourceTree = "<group>"; };
		04BE897A71DA15FBA43043A2 = {isa = PBXGroup; children = (
					00DE64A1B187A9747EE42CB7,
					BAE8300A4984ECBEBDCE9BCC,
					F2DC7B3D78AD1D9C00943262,
					6ADFF8752CF0E63860D99019,
					21DC58A0073DD15DB8F52F5E,
					03BC614EAEA468C624A98B4B,
					46E43880D203C52AE4057059,
					5A08CC6E3E20F337530771E0,
					B55A05BD5F5582BA33A539E7,
					E8A10A327B951241F131367E,
					014327DAF7F0CE618BCBA54C,
					81BA000E6F5B05654C4984B4,
					DD43D06347942059C9705978,
					5DA7D97E78DDBC4B31B3D971, ); name = Frameworks; sourceTree = "<group>"; };
		C499AC962742B0909EA44F82 = {isa = PBXGroup; children = (
					0B14F1A92E6A0F14C5049443,
					B18D6D9B40B7110888910A03,
					63E34DE68111D7EB3666E841, ); name = Products; sourceTree = "<group>"; };
		C05B9DDCD87389110C6893FF = {isa = PBXGroup; children = (
					53EE97D8A6DE82F29CFC59DC,
					5F66133C777CCA6093103B05,
					7C96C064AD54F1890CF8630E,
					35DCFBBE03AF1E8E08A4DC46,
					1D3F271C7CE173BA015D0250,
					04BE897A71DA15FBA43043A2,
					C499AC962742B0909EA44F82, ); name = Source; sourceTree = "<group>"; };
		9EBA5BEE19F5C03841D748E8 = {isa = XCBuildConfiguration; buildSettings = {
				MACOSX_DEPLOYMENT_TARGET = 10.11; }; name = Debug; };
		DECF5BCF2D035FC2C30D28E6 = {isa = XCBuildConfiguration; buildSettings = {
				MACOSX_DEPLOYMENT_TARGET = 10.11; }; name = Release; };
		B3F5E49CBBC84695A875D476 = {isa = XCBuildConfiguration; buildSettings = {
				CLANG_CXX_LANGUAGE_STANDARD = "c++11";
				CLANG_LINK_OBJC_RUNTIME = NO;
				COMBINE_HIDPI_IMAGES = YES;
				CONFIGURATION_BUILD_DIR = "$(PROJECT_DIR)/build/$(CONFIGURATION)";
				COPY_PHASE_STRIP = NO;
				DEPLOYMENT_LOCATION = YES;
				DSTROOT = /;
				GCC_DYNAMIC_NO_PIC = NO;
				GCC_OPTIMIZATION_LEVEL = 0;
				GCC_PREPROCESSOR_DEFINITIONS = (
					"_DEBUG=1",
					"DEBUG=1",
					"JUCER_XCODE_MAC_F6D2F4CF=1",
					"JUCE_APP_VERSION=1.0.0",
					"JUCE_APP_VERSION_HEX=0x10000",
					"JucePlugin_Build_VST=1",
					"JucePlugin_Build_VST3=0",
					"JucePlugin_Build_AU=0",
					"JucePlugin_Build_AUv3=0",
					"JucePlugin_Build_RTAS=0",
					"JucePlugin_Build_AAX=0",
					"JucePlugin_Build_Standalone=0", );
				GCC_VERSION = com.apple.compilers.llvm.clang.1_0;
				GENERATE_PKGINFO_FILE = YES;
				HEADER_SEARCH_PATHS = ("\"../../../VST3 SDK\"", "../../JuceLibraryCode", "~/JUCE/modules", "~/JUCE/modules/juce_audio_plugin_client", "$(inherited)");
				INFOPLIST_FILE = Info-VST.plist;
				INFOPLIST_PREPROCESS = NO;
				INSTALL_PATH = "$(HOME)/Library/Audio/Plug-Ins/VST/";
				LIBRARY_STYLE = Bundle;
				MACOSX_DEPLOYMENT_TARGET = 10.11;
				MACOSX_DEPLOYMENT_TARGET_ppc = 10.4;
				OTHER_LDFLAGS = "-bundle -lNewProject";
				PRODUCT_BUNDLE_IDENTIFIER = com.yourcompany.NewProject;
				SDKROOT_ppc = macosx10.5;
				USE_HEADERMAP = NO;
				WRAPPER_EXTENSION = vst; }; name = Debug; };
		16D90422FBD8430F0908B247 = {isa = XCBuildConfiguration; buildSettings = {
				CLANG_CXX_LANGUAGE_STANDARD = "c++11";
				CLANG_LINK_OBJC_RUNTIME = NO;
				COMBINE_HIDPI_IMAGES = YES;
				CONFIGURATION_BUILD_DIR = "$(PROJECT_DIR)/build/$(CONFIGURATION)";
				DEAD_CODE_STRIPPING = YES;
				DEPLOYMENT_LOCATION = YES;
				DSTROOT = /;
				GCC_GENERATE_DEBUGGING_SYMBOLS = NO;
				GCC_OPTIMIZATION_LEVEL = 3;
				GCC_PREPROCESSOR_DEFINITIONS = (
					"_NDEBUG=1",
					"NDEBUG=1",
					"JUCER_XCODE_MAC_F6D2F4CF=1",
					"JUCE_APP_VERSION=1.0.0",
					"JUCE_APP_VERSION_HEX=0x10000",
					"JucePlugin_Build_VST=1",
					"JucePlugin_Build_VST3=0",
					"JucePlugin_Build_AU=0",
					"JucePlugin_Build_AUv3=0",
					"JucePlugin_Build_RTAS=0",
					"JucePlugin_Build_AAX=0",
					"JucePlugin_Build_Standalone=0", );
				GCC_SYMBOLS_PRIVATE_EXTERN = YES;
				GCC_VERSION = com.apple.compilers.llvm.clang.1_0;
				GENERATE_PKGINFO_FILE = YES;
				HEADER_SEARCH_PATHS = ("\"../../../VST3 SDK\"", "../../JuceLibraryCode", "~/JUCE/modules", "~/JUCE/modules/juce_audio_plugin_client", "$(inherited)");
				INFOPLIST_FILE = Info-VST.plist;
				INFOPLIST_PREPROCESS = NO;
				INSTALL_PATH = "$(HOME)/Library/Audio/Plug-Ins/VST/";
				LIBRARY_STYLE = Bundle;
				MACOSX_DEPLOYMENT_TARGET = 10.11;
				MACOSX_DEPLOYMENT_TARGET_ppc = 10.4;
				OTHER_LDFLAGS = "-bundle -lNewProject";
				PRODUCT_BUNDLE_IDENTIFIER = com.yourcompany.NewProject;
				SDKROOT_ppc = macosx10.5;
				USE_HEADERMAP = NO;
				WRAPPER_EXTENSION = vst; }; name = Release; };
		2A0D19B4AE8CED39A6EB4287 = {isa = XCBuildConfiguration; buildSettings = {
				CLANG_CXX_LANGUAGE_STANDARD = "c++11";
				CLANG_LINK_OBJC_RUNTIME = NO;
				COMBINE_HIDPI_IMAGES = YES;
				CONFIGURATION_BUILD_DIR = "$(PROJECT_DIR)/build/$(CONFIGURATION)";
				COPY_PHASE_STRIP = NO;
				DEPLOYMENT_LOCATION = YES;
				DSTROOT = /;
				GCC_DYNAMIC_NO_PIC = NO;
				GCC_OPTIMIZATION_LEVEL = 0;
				GCC_PREPROCESSOR_DEFINITIONS = (
					"_DEBUG=1",
					"DEBUG=1",
					"JUCER_XCODE_MAC_F6D2F4CF=1",
					"JUCE_APP_VERSION=1.0.0",
					"JUCE_APP_VERSION_HEX=0x10000",
					"JucePlugin_Build_VST=0",
					"JucePlugin_Build_VST3=1",
					"JucePlugin_Build_AU=0",
					"JucePlugin_Build_AUv3=0",
					"JucePlugin_Build_RTAS=0",
					"JucePlugin_Build_AAX=0",
					"JucePlugin_Build_Standalone=0", );
				GCC_VERSION = com.apple.compilers.llvm.clang.1_0;
				GENERATE_PKGINFO_FILE = YES;
				HEADER_SEARCH_PATHS = ("\"../../../VST3 SDK\"", "../../JuceLibraryCode", "~/JUCE/modules", "~/JUCE/modules/juce_audio_plugin_client", "$(inherited)");
				INFOPLIST_FILE = Info-VST3.plist;
				INFOPLIST_PREPROCESS = NO;
				INSTALL_PATH = "$(HOME)/Library/Audio/Plug-Ins/VST3/";
				LIBRARY_STYLE = Bundle;
				MACOSX_DEPLOYMENT_TARGET = 10.11;
				MACOSX_DEPLOYMENT_TARGET_ppc = 10.4;
				OTHER_LDFLAGS = "-bundle -lNewProject";
				PRODUCT_BUNDLE_IDENTIFIER = com.yourcompany.NewProject;
				SDKROOT_ppc = macosx10.5;
				USE_HEADERMAP = NO;
				WRAPPER_EXTENSION = vst3; }; name = Debug; };
		A434148D92C24407BDDADEBA = {isa = XCBuildConfiguration; buildSettings = {
				CLANG_CXX_LANGUAGE_STANDARD = "c++11";
				CLANG_LINK_OBJC_RUNTIME = NO;
				COMBINE_HIDPI_IMAGES = YES;
				CONFIGURATION_BUILD_DIR = "$(PROJECT_DIR)/build/$(CONFIGURATION)";
				DEAD_CODE_STRIPPING = YES;
				DEPLOYMENT_LOCATION = YES;
				DSTROOT = /;
				GCC_GENERATE_DEBUGGING_SYMBOLS = NO;
				GCC_OPTIMIZATION_LEVEL = 3;
				GCC_PREPROCESSOR_DEFINITIONS = (
					"_NDEBUG=1",
					"NDEBUG=1",
					"JUCER_XCODE_MAC_F6D2F4CF=1",
					"JUCE_APP_VERSION=1.0.0",
					"JUCE_APP_VERSION_HEX=0x10000",
					"JucePlugin_Build_VST=0",
					"JucePlugin_Build_VST3=1",
					"JucePlugin_Build_AU=0",
					"JucePlugin_Build_AUv3=0",
					"JucePlugin_Build_RTAS=0",
					"JucePlugin_Build_AAX=0",
					"JucePlugin_Build_Standalone=0", );
				GCC_SYMBOLS_PRIVATE_EXTERN = YES;
				GCC_VERSION = com.apple.compilers.llvm.clang.1_0;
				GENERATE_PKGINFO_FILE = YES;
				HEADER_SEARCH_PATHS = ("\"../../../VST3 SDK\"", "../../JuceLibraryCode", "~/JUCE/modules", "~/JUCE/modules/juce_audio_plugin_client", "$(inherited)");
				INFOPLIST_FILE = Info-VST3.plist;
				INFOPLIST_PREPROCESS = NO;
				INSTALL_PATH = "$(HOME)/Library/Audio/Plug-Ins/VST3/";
				LIBRARY_STYLE = Bundle;
				MACOSX_DEPLOYMENT_TARGET = 10.11;
				MACOSX_DEPLOYMENT_TARGET_ppc = 10.4;
				OTHER_LDFLAGS = "-bundle -lNewProject";
				PRODUCT_BUNDLE_IDENTIFIER = com.yourcompany.NewProject;
				SDKROOT_ppc = macosx10.5;
				USE_HEADERMAP = NO;
				WRAPPER_EXTENSION = vst3; }; name = Release; };
		F9933FB33E4114E8914899EA = {isa = XCBuildConfiguration; buildSettings = {
				CLANG_CXX_LANGUAGE_STANDARD = "c++11";
				CLANG_LINK_OBJC_RUNTIME = NO;
				COMBINE_HIDPI_IMAGES = YES;
				CONFIGURATION_BUILD_DIR = "$(PROJECT_DIR)/build/$(CONFIGURATION)";
				COPY_PHASE_STRIP = NO;
				GCC_DYNAMIC_NO_PIC = NO;
				GCC_OPTIMIZATION_LEVEL = 0;
				GCC_PREPROCESSOR_DEFINITIONS = (
					"_DEBUG=1",
					"DEBUG=1",
					"JUCER_XCODE_MAC_F6D2F4CF=1",
					"JUCE_APP_VERSION=1.0.0",
					"JUCE_APP_VERSION_HEX=0x10000",
					"JucePlugin_Build_VST=1",
					"JucePlugin_Build_VST3=1",
					"JucePlugin_Build_AU=0",
					"JucePlugin_Build_AUv3=0",
					"JucePlugin_Build_RTAS=0",
					"JucePlugin_Build_AAX=0",
					"JucePlugin_Build_Standalone=0",
					"JUCE_SHARED_CODE=1", );
				GCC_VERSION = com.apple.compilers.llvm.clang.1_0;
				HEADER_SEARCH_PATHS = ("\"../../../VST3 SDK\"", "../../JuceLibraryCode", "~/JUCE/modules", "~/JUCE/modules/juce_audio_plugin_client", "$(inherited)");
				INSTALL_PATH = "@executable_path/../Frameworks";
				MACOSX_DEPLOYMENT_TARGET = 10.11;
				MACOSX_DEPLOYMENT_TARGET_ppc = 10.4;
				PRODUCT_BUNDLE_IDENTIFIER = com.yourcompany.NewProject;
				SDKROOT_ppc = macosx10.5;
				USE_HEADERMAP = NO; }; name = Debug; };
		96AE724A20CDFEE48704CD61 = {isa = XCBuildConfiguration; buildSettings = {
				CLANG_CXX_LANGUAGE_STANDARD = "c++11";
				CLANG_LINK_OBJC_RUNTIME = NO;
				COMBINE_HIDPI_IMAGES = YES;
				CONFIGURATION_BUILD_DIR = "$(PROJECT_DIR)/build/$(CONFIGURATION)";
				DEAD_CODE_STRIPPING = YES;
				GCC_GENERATE_DEBUGGING_SYMBOLS = NO;
				GCC_OPTIMIZATION_LEVEL = 3;
				GCC_PREPROCESSOR_DEFINITIONS = (
					"_NDEBUG=1",
					"NDEBUG=1",
					"JUCER_XCODE_MAC_F6D2F4CF=1",
					"JUCE_APP_VERSION=1.0.0",
					"JUCE_APP_VERSION_HEX=0x10000",
					"JucePlugin_Build_VST=1",
					"JucePlugin_Build_VST3=1",
					"JucePlugin_Build_AU=0",
					"JucePlugin_Build_AUv3=0",
					"JucePlugin_Build_RTAS=0",
					"JucePlugin_Build_AAX=0",
					"JucePlugin_Build_Standalone=0",
					"JUCE_SHARED_CODE=1", );
				GCC_SYMBOLS_PRIVATE_EXTERN = YES;
				GCC_VERSION = com.apple.compilers.llvm.clang.1_0;
				HEADER_SEARCH_PATHS = ("\"../../../VST3 SDK\"", "../../JuceLibraryCode", "~/JUCE/modules", "~/JUCE/modules/juce_audio_plugin_client", "$(inherited)");
				INSTALL_PATH = "@executable_path/../Frameworks";
				MACOSX_DEPLOYMENT_TARGET = 10.11;
				MACOSX_DEPLOYMENT_TARGET_ppc = 10.4;
				PRODUCT_BUNDLE_IDENTIFIER = com.yourcompany.NewProject;
				SDKROOT_ppc = macosx10.5;
				USE_HEADERMAP = NO; }; name = Release; };
		72C9291C71047582C7BB9464 = {isa = XCBuildConfiguration; buildSettings = {
				ALWAYS_SEARCH_USER_PATHS = NO;
				CLANG_WARN_BLOCK_CAPTURE_AUTORELEASING = YES;
				CLANG_WARN_BOOL_CONVERSION = YES;
				CLANG_WARN_COMMA = YES;
				CLANG_WARN_CONSTANT_CONVERSION = YES;
				CLANG_WARN_EMPTY_BODY = YES;
				CLANG_WARN_ENUM_CONVERSION = YES;
				CLANG_WARN_INFINITE_RECURSION = YES;
				CLANG_WARN_INT_CONVERSION = YES;
				CLANG_WARN_NON_LITERAL_NULL_CONVERSION = YES;
				CLANG_WARN_OBJC_LITERAL_CONVERSION = YES;
				CLANG_WARN_RANGE_LOOP_ANALYSIS = YES;
				CLANG_WARN_STRICT_PROTOTYPES = YES;
				CLANG_WARN_SUSPICIOUS_MOVE = YES;
				CLANG_WARN_UNREACHABLE_CODE = YES;
				CLANG_WARN__DUPLICATE_METHOD_MATCH = YES;
				DEBUG_INFORMATION_FORMAT = "dwarf";
				ENABLE_STRICT_OBJC_MSGSEND = YES;
				ENABLE_TESTABILITY = YES;
				GCC_C_LANGUAGE_STANDARD = c11;
				GCC_INLINES_ARE_PRIVATE_EXTERN = YES;
				GCC_MODEL_TUNING = G5;
				GCC_NO_COMMON_BLOCKS = YES;
				GCC_WARN_64_TO_32_BIT_CONVERSION = YES;
				GCC_WARN_ABOUT_RETURN_TYPE = YES;
				GCC_WARN_CHECK_SWITCH_STATEMENTS = YES;
				GCC_WARN_MISSING_PARENTHESES = YES;
				GCC_WARN_NON_VIRTUAL_DESTRUCTOR = YES;
				GCC_WARN_TYPECHECK_CALLS_TO_PRINTF = YES;
				GCC_WARN_UNDECLARED_SELECTOR = YES;
				GCC_WARN_UNINITIALIZED_AUTOS = YES;
				GCC_WARN_UNUSED_FUNCTION = YES;
				GCC_WARN_UNUSED_VARIABLE = YES;
				ONLY_ACTIVE_ARCH = YES;
				PRODUCT_NAME = "NewProject";
				WARNING_CFLAGS = -Wreorder;
				ZERO_LINK = NO; }; name = Debug; };
		6F37D8F168CDA1700A14E164 = {isa = XCBuildConfiguration; buildSettings = {
				ALWAYS_SEARCH_USER_PATHS = NO;
				CLANG_WARN_BLOCK_CAPTURE_AUTORELEASING = YES;
				CLANG_WARN_BOOL_CONVERSION = YES;
				CLANG_WARN_COMMA = YES;
				CLANG_WARN_CONSTANT_CONVERSION = YES;
				CLANG_WARN_EMPTY_BODY = YES;
				CLANG_WARN_ENUM_CONVERSION = YES;
				CLANG_WARN_INFINITE_RECURSION = YES;
				CLANG_WARN_INT_CONVERSION = YES;
				CLANG_WARN_NON_LITERAL_NULL_CONVERSION = YES;
				CLANG_WARN_OBJC_LITERAL_CONVERSION = YES;
				CLANG_WARN_RANGE_LOOP_ANALYSIS = YES;
				CLANG_WARN_STRICT_PROTOTYPES = YES;
				CLANG_WARN_SUSPICIOUS_MOVE = YES;
				CLANG_WARN_UNREACHABLE_CODE = YES;
				CLANG_WARN__DUPLICATE_METHOD_MATCH = YES;
				DEBUG_INFORMATION_FORMAT = "dwarf";
				ENABLE_STRICT_OBJC_MSGSEND = YES;
				GCC_C_LANGUAGE_STANDARD = c11;
				GCC_INLINES_ARE_PRIVATE_EXTERN = YES;
				GCC_MODEL_TUNING = G5;
				GCC_NO_COMMON_BLOCKS = YES;
				GCC_WARN_64_TO_32_BIT_CONVERSION = YES;
				GCC_WARN_ABOUT_RETURN_TYPE = YES;
				GCC_WARN_CHECK_SWITCH_STATEMENTS = YES;
				GCC_WARN_MISSING_PARENTHESES = YES;
				GCC_WARN_NON_VIRTUAL_DESTRUCTOR = YES;
				GCC_WARN_TYPECHECK_CALLS_TO_PRINTF = YES;
				GCC_WARN_UNDECLARED_SELECTOR = YES;
				GCC_WARN_UNINITIALIZED_AUTOS = YES;
				GCC_WARN_UNUSED_FUNCTION = YES;
				GCC_WARN_UNUSED_VARIABLE = YES;
				PRODUCT_NAME = "NewProject";
				WARNING_CFLAGS = -Wreorder;
				ZERO_LINK = NO; }; name = Release; };
		FCC1EEF27DF43081AE96AB63 = {isa = PBXTargetDependency; target = 7239AEAF33B789BFD56971D5; };
		16D082F755C6530514268CDD = {isa = PBXTargetDependency; target = F464374E7A35C51BAE2BB528; };
		9C52E05BDA30ACE71B657993 = {isa = PBXTargetDependency; target = F6B565F73B933DD808FA55EB; };
		507053D204B4F6CE5595A1E7 = {isa = XCConfigurationList; buildConfigurations = (
					72C9291C71047582C7BB9464,
					6F37D8F168CDA1700A14E164, ); defaultConfigurationIsVisible = 0; defaultConfigurationName = Debug; };
		738994FD49439D7BB9B6AE16 = {isa = XCConfigurationList; buildConfigurations = (
					9EBA5BEE19F5C03841D748E8,
					DECF5BCF2D035FC2C30D28E6, ); defaultConfigurationIsVisible = 0; defaultConfigurationName = Debug; };
		FF11508ACC977B16BA66961F = {isa = PBXAggregateTarget; buildConfigurationList = 738994FD49439D7BB9B6AE16; buildPhases = (  ); buildRules = ( ); dependencies = (
					FCC1EEF27DF43081AE96AB63,
					16D082F755C6530514268CDD,
					9C52E05BDA30ACE71B657993, ); name = "NewProject - All"; productName = NewProject; };
		AF75DB1AE8F7E23F88994B93 = {isa = XCConfigurationList; buildConfigurations = (
					B3F5E49CBBC84695A875D476,
					16D90422FBD8430F0908B247, ); defaultConfigurationIsVisible = 0; defaultConfigurationName = Debug; };
		C571FB9DCBA5E2FD4CD29492 = {isa = PBXResourcesBuildPhase; buildActionMask = 2147483647; files = (
					077857C5F79270997F07A9E6, ); runOnlyForDeploymentPostprocessing = 0; };
		E8A2FB1B4335963C280BCA2A = {isa = PBXSourcesBuildPhase; buildActionMask = 2147483647; files = (
					CF3440E7A1C5968601FCDBDA, ); runOnlyForDeploymentPostprocessing = 0; };
		8DA5655B6FE3C9FC738335F6 = {isa = PBXFrameworksBuildPhase; buildActionMask = 2147483647; files = (
					8B63C4B71A9E65708CB3AE3C,
					5056358AEB8FC12A106DFB75,
					48F9A522105724B80C831259,
					B9EC6D82E3BE078D390C2412,
					331F8B57B977F8C9A082FD34,
					86234E9DFDC5165DD4297FE4,
					89F17801EF3ADDBBA8A6FF16,
					3284CC4767E365CB7B5AA256,
					36F2754DB568239B2FC778EC,
					6EF8D709F8898C31571FBB79,
					7F2FDBA6FFC7B31E5BE18F15,
					ABA6F347F84AC3BE8C3D0D73,
					701CF5DDEA4CB4C7058ECC92,
					F3B8B75BCE3902F7423E23F3, ); runOnlyForDeploymentPostprocessing = 0; };
		7239AEAF33B789BFD56971D5 = {isa = PBXNativeTarget; buildConfigurationList = AF75DB1AE8F7E23F88994B93; buildPhases = (
					C571FB9DCBA5E2FD4CD29492,
					E8A2FB1B4335963C280BCA2A,
					8DA5655B6FE3C9FC738335F6, ); buildRules = ( ); dependencies = (
					9C52E05BDA30ACE71B657993, ); name = "NewProject - VST"; productName = NewProject; productReference = 0B14F1A92E6A0F14C5049443; productType = "com.apple.product-type.bundle"; };
		64B1D7FDA0C8AA905D0D5FDD = {isa = XCConfigurationList; buildConfigurations = (
					2A0D19B4AE8CED39A6EB4287,
					A434148D92C24407BDDADEBA, ); defaultConfigurationIsVisible = 0; defaultConfigurationName = Debug; };
		316240619950D1B43E38FB16 = {isa = PBXResourcesBuildPhase; buildActionMask = 2147483647; files = (
					077857C5F79270997F07A9E6, ); runOnlyForDeploymentPostprocessing = 0; };
		AE5C4D8CFC46F512A2F3650D = {isa = PBXSourcesBuildPhase; buildActionMask = 2147483647; files = (
					C32678FDE323A36EB6B6D403, ); runOnlyForDeploymentPostprocessing = 0; };
		CB89BCB8FF66D478E1944C7B = {isa = PBXFrameworksBuildPhase; buildActionMask = 2147483647; files = (
					8B63C4B71A9E65708CB3AE3C,
					5056358AEB8FC12A106DFB75,
					48F9A522105724B80C831259,
					B9EC6D82E3BE078D390C2412,
					331F8B57B977F8C9A082FD34,
					86234E9DFDC5165DD4297FE4,
					89F17801EF3ADDBBA8A6FF16,
					3284CC4767E365CB7B5AA256,
					36F2754DB568239B2FC778EC,
					6EF8D709F8898C31571FBB79,
					7F2FDBA6FFC7B31E5BE18F15,
					ABA6F347F84AC3BE8C3D0D73,
					701CF5DDEA4CB4C7058ECC92,
					F3B8B75BCE3902F7423E23F3, ); runOnlyForDeploymentPostprocessing = 0; };
		F464374E7A35C51BAE2BB528 = {isa = PBXNativeTarget; buildConfigurationList = 64B1D7FDA0C8AA905D0D5FDD; buildPhases = (
					316240619950D1B43E38FB16,
					AE5C4D8CFC46F512A2F3650D,
					CB89BCB8FF66D478E1944C7B, ); buildRules = ( ); dependencies = (
					9C52E05BDA30ACE71B657993, ); name = "NewProject - VST3"; productName = NewProject; productReference = B18D6D9B40B7110888910A03; productType = "com.apple.product-type.bundle"; };
		D00010AD00F0A3EC9719FE94 = {isa = XCConfigurationList; buildConfigurations = (
					F9933FB33E4114E8914899EA,
					96AE724A20CDFEE48704CD61, ); defaultConfigurationIsVisible = 0; defaultConfigurationName = Debug; };
		C057E80DE53E1CFADE9D9F70 = {isa = PBXSourcesBuildPhase; buildActionMask = 2147483647; files = (
					73D3E3BC9D5D34CAE14189B0,
					D2EE59A5CE22B21A9404211A,
					C5BE6C25E693E62B8A1E8CD8,
					A672CC011AB85C60CD844B76,
					CE521AF00CE3433DE9ED8924,
					779BBDE1E6C0D67E9168C009,
					8C41E4F57CAFE28BD4DA8402,
					D995FD4804DC2BAFF238C200,
					57FE52F2C6069ACEB6EE3B40,
					3011DB9D6F9213906DA427DB,
					70D10B9ACCF61072086AC13A,
					5AAD8C6919232C6915D75B29,
					20F15D3B17139138F2A64CC7,
					5ADA53FBB2998A8D07B3D19D,
					B991624D10189EFFDF46CDBD,
					F90DF62D3EEEE675658CECB6,
					1778763E8B2782FAF9FD4EED,
					D26A1F6842875447A3B65D84,
					77A2C662DF92D7B56EB90528, ); runOnlyForDeploymentPostprocessing = 0; };
		F6B565F73B933DD808FA55EB = {isa = PBXNativeTarget; buildConfigurationList = D00010AD00F0A3EC9719FE94; buildPhases = (
					C057E80DE53E1CFADE9D9F70, ); buildRules = ( ); dependencies = (  ); name = "NewProject - Shared Code"; productName = NewProject; productReference = 63E34DE68111D7EB3666E841; productType = "com.apple.product-type.library.static"; };
		03CA3794339C7B474F0A89F1 = {isa = PBXProject; buildConfigurationList = 507053D204B4F6CE5595A1E7; attributes = { LastUpgradeCheck = 0830; TargetAttributes = { FF11508ACC977B16BA66961F = { SystemCapabilities = {com.apple.ApplicationGroups.iOS = { enabled = 0; }; com.apple.InAppPurchase = { enabled = 0; }; com.apple.InterAppAudio = { enabled = 0; }; com.apple.Push = { enabled = 0; }; com.apple.Sandbox = { enabled = 0; }; }; };7239AEAF33B789BFD56971D5 = { SystemCapabilities = {com.apple.ApplicationGroups.iOS = { enabled = 0; }; com.apple.InAppPurchase = { enabled = 0; }; com.apple.InterAppAudio = { enabled = 0; }; com.apple.Push = { enabled = 0; }; com.apple.Sandbox = { enabled = 0; }; }; };F464374E7A35C51BAE2BB528 = { SystemCapabilities = {com.apple.ApplicationGroups.iOS = { enabled = 0; }; com.apple.InAppPurchase = { enabled = 0; }; com.apple.InterAppAudio = { enabled = 0; }; com.apple.Push = { enabled = 0; }; com.apple.Sandbox = { enabled = 0; }; }; };F6B565F73B933DD808FA55EB = { SystemCapabilities = {com.apple.ApplicationGroups.iOS = { enabled = 0; }; com.apple.InAppPurchase = { enabled = 0; }; com.apple.InterAppAudio = { enabled = 0; }; com.apple.Push = { enabled = 0; }; com.apple.Sandbox = { enabled = 0; }; }; }; }; }; compatibilityVersion = "Xcode 3.2"; hasScannedForEncodings = 0; mainGroup = C05B9DDCD87389110C6893FF; projectDirPath = ""; projectRoot = ""; targets = (FF11508ACC977B16BA66961F, 7239AEAF33B789BFD56971D5, F464374E7A35C51BAE2BB528, F6B565F73B933DD808FA55EB); };
	};
	rootObject = 03CA3794339C7B474F0A89F1;
}
