<?xml version="1.0" encoding="utf-8"?>
<Project ToolsVersion="4.0" xmlns="http://schemas.microsoft.com/developer/msbuild/2003">
  <ItemGroup>
    <Filter Include="Source Files">
      <UniqueIdentifier>{7fd09cd6-8602-4611-bcbe-adfcfbca4f89}</UniqueIdentifier>
    </Filter>
    <Filter Include="Source Files\vst3">
      <UniqueIdentifier>{ecabf69f-5c31-42ad-a83c-080d1ed52434}</UniqueIdentifier>
    </Filter>
    <Filter Include="Source Files\vst3\pluginterfaces">
      <UniqueIdentifier>{f2d41e68-c423-47ff-9afc-511ff36b674c}</UniqueIdentifier>
    </Filter>
    <Filter Include="Source Files\vst3\pluginterfaces\base">
      <UniqueIdentifier>{e541047d-3ae0-4239-82b8-bf7d2adec9f7}</UniqueIdentifier>
    </Filter>
    <Filter Include="Source Files\vst3\public.sdk">
      <UniqueIdentifier>{abff1497-1e10-4e2a-82bf-7c02ae5da289}</UniqueIdentifier>
    </Filter>
    <Filter Include="Source Files\vst3\public.sdk\common">
      <UniqueIdentifier>{004c97b0-4bca-4c5d-90f9-a426e39c961d}</UniqueIdentifier>
    </Filter>
    <Filter Include="Source Files\vst3\public.sdk\vst">
      <UniqueIdentifier>{bec2d1ae-00f2-45f1-8b23-999cb129b2d3}</UniqueIdentifier>
    </Filter>
    <Filter Include="Source Files\vst3\public.sdk\main">
      <UniqueIdentifier>{abc985ab-43f6-4599-9d2a-32c29054946d}</UniqueIdentifier>
    </Filter>
    <Filter Include="Header Files">
      <UniqueIdentifier>{bc0bf31d-4c1a-4caa-b856-1cde9d4b4484}</UniqueIdentifier>
    </Filter>
    <Filter Include="Header Files\vst3">
      <UniqueIdentifier>{f6fa1c14-1e9e-4f62-aeba-fa0505d5bd82}</UniqueIdentifier>
    </Filter>
    <Filter Include="Header Files\vst3\pluginterfaces">
      <UniqueIdentifier>{86e6555a-5c2c-4948-b546-f5067a432b67}</UniqueIdentifier>
    </Filter>
    <Filter Include="Header Files\vst3\public.sdk">
      <UniqueIdentifier>{44f45cc0-c822-4354-8eeb-3d625386d83e}</UniqueIdentifier>
    </Filter>
    <Filter Include="Header Files\vst3\pluginterfaces\base">
      <UniqueIdentifier>{2b205598-d081-4f62-9c3d-fa3e42480317}</UniqueIdentifier>
    </Filter>
    <Filter Include="Header Files\vst3\pluginterfaces\gui">
      <UniqueIdentifier>{63180829-7ced-4b6b-9df3-81d4592c193a}</UniqueIdentifier>
    </Filter>
    <Filter Include="Header Files\vst3\pluginterfaces\vst">
      <UniqueIdentifier>{3f81a0ce-814e-434c-90bb-7a26a8a8f2e8}</UniqueIdentifier>
    </Filter>
    <Filter Include="Header Files\vst3\public.sdk\common">
      <UniqueIdentifier>{4a51df4a-2170-412d-ac73-8f678c4796f1}</UniqueIdentifier>
    </Filter>
    <Filter Include="Header Files\vst3\public.sdk\main">
      <UniqueIdentifier>{49cc6db7-7238-4492-a2a4-1c3583ac2c72}</UniqueIdentifier>
    </Filter>
    <Filter Include="Header Files\vst3\public.sdk\vst">
      <UniqueIdentifier>{473b2ca7-a007-4f94-b672-cdfa6c78a40c}</UniqueIdentifier>
    </Filter>
  </ItemGroup>
  <ItemGroup>
    <ClCompile Include="..\vstsdk3\public.sdk\source\common\pluginview.cpp">
      <Filter>Source Files\vst3\public.sdk\common</Filter>
    </ClCompile>
    <ClCompile Include="..\vstsdk3\public.sdk\source\vst\vstaudioeffect.cpp">
      <Filter>Source Files\vst3\public.sdk\vst</Filter>
    </ClCompile>
    <ClCompile Include="..\vstsdk3\public.sdk\source\vst\vstbus.cpp">
      <Filter>Source Files\vst3\public.sdk\vst</Filter>
    </ClCompile>
    <ClCompile Include="..\vstsdk3\public.sdk\source\vst\vstcomponent.cpp">
      <Filter>Source Files\vst3\public.sdk\vst</Filter>
    </ClCompile>
    <ClCompile Include="..\vstsdk3\public.sdk\source\vst\vstcomponentbase.cpp">
      <Filter>Source Files\vst3\public.sdk\vst</Filter>
    </ClCompile>
    <ClCompile Include="..\vstsdk3\public.sdk\source\vst\vsteditcontroller.cpp">
      <Filter>Source Files\vst3\public.sdk\vst</Filter>
    </ClCompile>
    <ClCompile Include="..\vstsdk3\public.sdk\source\vst\vstinitiids.cpp">
      <Filter>Source Files\vst3\public.sdk\vst</Filter>
    </ClCompile>
    <ClCompile Include="..\vstsdk3\public.sdk\source\vst\vstparameters.cpp">
      <Filter>Source Files\vst3\public.sdk\vst</Filter>
    </ClCompile>
    <ClCompile Include="..\vstsdk3\public.sdk\source\main\dllmain.cpp">
      <Filter>Source Files\vst3\public.sdk\main</Filter>
    </ClCompile>
    <ClCompile Include="..\vstsdk3\public.sdk\source\main\pluginfactoryvst3.cpp">
      <Filter>Source Files\vst3\public.sdk\main</Filter>
    </ClCompile>
    <ClCompile Include="..\vstsdk3\pluginterfaces\base\funknown.cpp">
      <Filter>Source Files\vst3\pluginterfaces\base</Filter>
    </ClCompile>
    <ClCompile Include="..\vstsdk3\pluginterfaces\base\ustring.cpp">
      <Filter>Source Files\vst3\pluginterfaces\base</Filter>
    </ClCompile>
    <ClCompile Include="BLITSineHardSync_controller.cpp">
      <Filter>Source Files</Filter>
    </ClCompile>
    <ClCompile Include="BLITSineHardSync_processor.cpp">
      <Filter>Source Files</Filter>
    </ClCompile>
    <ClCompile Include="BLITSineHardSync_entry.cpp">
      <Filter>Source Files</Filter>
    </ClCompile>
    <ClCompile Include="BLIT_based_sinewave_hardsync_oscillator_note.cpp">
      <Filter>Source Files</Filter>
    </ClCompile>
    <ClCompile Include="BLIT_based_sinewave_hardsync_oscillator.cpp">
      <Filter>Source Files</Filter>
    </ClCompile>
  </ItemGroup>
  <ItemGroup>
    <ClInclude Include="..\vstsdk3\pluginterfaces\vst\ivstattributes.h">
      <Filter>Header Files\vst3\pluginterfaces\vst</Filter>
    </ClInclude>
    <ClInclude Include="..\vstsdk3\pluginterfaces\vst\ivstaudioprocessor.h">
      <Filter>Header Files\vst3\pluginterfaces\vst</Filter>
    </ClInclude>
    <ClInclude Include="..\vstsdk3\pluginterfaces\vst\ivstcomponent.h">
      <Filter>Header Files\vst3\pluginterfaces\vst</Filter>
    </ClInclude>
    <ClInclude Include="..\vstsdk3\pluginterfaces\vst\ivsteditcontroller.h">
      <Filter>Header Files\vst3\pluginterfaces\vst</Filter>
    </ClInclude>
    <ClInclude Include="..\vstsdk3\pluginterfaces\vst\ivstevents.h">
      <Filter>Header Files\vst3\pluginterfaces\vst</Filter>
    </ClInclude>
    <ClInclude Include="..\vstsdk3\pluginterfaces\vst\ivsthostapplication.h">
      <Filter>Header Files\vst3\pluginterfaces\vst</Filter>
    </ClInclude>
    <ClInclude Include="..\vstsdk3\pluginterfaces\vst\ivstmessage.h">
      <Filter>Header Files\vst3\pluginterfaces\vst</Filter>
    </ClInclude>
    <ClInclude Include="..\vstsdk3\pluginterfaces\vst\ivstmidicontrollers.h">
      <Filter>Header Files\vst3\pluginterfaces\vst</Filter>
    </ClInclude>
    <ClInclude Include="..\vstsdk3\pluginterfaces\vst\ivstparameterchanges.h">
      <Filter>Header Files\vst3\pluginterfaces\vst</Filter>
    </ClInclude>
    <ClInclude Include="..\vstsdk3\pluginterfaces\vst\ivstprocesscontext.h">
      <Filter>Header Files\vst3\pluginterfaces\vst</Filter>
    </ClInclude>
    <ClInclude Include="..\vstsdk3\pluginterfaces\vst\ivstunits.h">
      <Filter>Header Files\vst3\pluginterfaces\vst</Filter>
    </ClInclude>
    <ClInclude Include="..\vstsdk3\pluginterfaces\vst\vstpresetkeys.h">
      <Filter>Header Files\vst3\pluginterfaces\vst</Filter>
    </ClInclude>
    <ClInclude Include="..\vstsdk3\pluginterfaces\vst\vsttypes.h">
      <Filter>Header Files\vst3\pluginterfaces\vst</Filter>
    </ClInclude>
    <ClInclude Include="..\vstsdk3\pluginterfaces\base\falignpop.h">
      <Filter>Header Files\vst3\pluginterfaces\base</Filter>
    </ClInclude>
    <ClInclude Include="..\vstsdk3\pluginterfaces\base\falignpush.h">
      <Filter>Header Files\vst3\pluginterfaces\base</Filter>
    </ClInclude>
    <ClInclude Include="..\vstsdk3\pluginterfaces\base\fplatform.h">
      <Filter>Header Files\vst3\pluginterfaces\base</Filter>
    </ClInclude>
    <ClInclude Include="..\vstsdk3\pluginterfaces\base\ftypes.h">
      <Filter>Header Files\vst3\pluginterfaces\base</Filter>
    </ClInclude>
    <ClInclude Include="..\vstsdk3\pluginterfaces\base\funknown.h">
      <Filter>Header Files\vst3\pluginterfaces\base</Filter>
    </ClInclude>
    <ClInclude Include="..\vstsdk3\pluginterfaces\base\ipluginbase.h">
      <Filter>Header Files\vst3\pluginterfaces\base</Filter>
    </ClInclude>
    <ClInclude Include="..\vstsdk3\pluginterfaces\base\keycodes.h">
      <Filter>Header Files\vst3\pluginterfaces\base</Filter>
    </ClInclude>
    <ClInclude Include="..\vstsdk3\pluginterfaces\base\ustring.h">
      <Filter>Header Files\vst3\pluginterfaces\base</Filter>
    </ClInclude>
    <ClInclude Include="..\vstsdk3\pluginterfaces\gui\iplugview.h">
      <Filter>Header Files\vst3\pluginterfaces\gui</Filter>
    </ClInclude>
    <ClInclude Include="..\vstsdk3\public.sdk\source\common\pluginview.h">
      <Filter>Header Files\vst3\public.sdk\common</Filter>
    </ClInclude>
    <ClInclude Include="..\vstsdk3\public.sdk\source\main\pluginfactoryvst3.h">
      <Filter>Header Files\vst3\public.sdk\main</Filter>
    </ClInclude>
    <ClInclude Include="..\vstsdk3\public.sdk\source\vst\vstaudioeffect.h">
      <Filter>Header Files\vst3\public.sdk\vst</Filter>
    </ClInclude>
    <ClInclude Include="..\vstsdk3\public.sdk\source\vst\vstbus.h">
      <Filter>Header Files\vst3\public.sdk\vst</Filter>
    </ClInclude>
    <ClInclude Include="..\vstsdk3\public.sdk\source\vst\vstcomponent.h">
      <Filter>Header Files\vst3\public.sdk\vst</Filter>
    </ClInclude>
    <ClInclude Include="..\vstsdk3\public.sdk\source\vst\vstcomponentbase.h">
      <Filter>Header Files\vst3\public.sdk\vst</Filter>
    </ClInclude>
    <ClInclude Include="..\vstsdk3\public.sdk\source\vst\vsteditcontroller.h">
      <Filter>Header Files\vst3\public.sdk\vst</Filter>
    </ClInclude>
    <ClInclude Include="..\vstsdk3\public.sdk\source\vst\vstguieditor.h">
      <Filter>Header Files\vst3\public.sdk\vst</Filter>
    </ClInclude>
    <ClInclude Include="..\vstsdk3\public.sdk\source\vst\vstparameters.h">
      <Filter>Header Files\vst3\public.sdk\vst</Filter>
    </ClInclude>
    <ClInclude Include="BLITSineHardSync_controller.h">
      <Filter>Header Files</Filter>
    </ClInclude>
    <ClInclude Include="BLITSineHardSync_guids.h">
      <Filter>Header Files</Filter>
    </ClInclude>
    <ClInclude Include="BLITSineHardSync_processor.h">
      <Filter>Header Files</Filter>
    </ClInclude>
    <ClInclude Include="BLIT_based_sinewave_hardsync_oscillator.h">
      <Filter>Header Files</Filter>
    </ClInclude>
    <ClInclude Include="BLIT_based_sinewave_hardsync_oscillator_note.h">
      <Filter>Header Files</Filter>
    </ClInclude>
  </ItemGroup>
  <ItemGroup>
    <None Include="BLITSineHardSync.def" />
  </ItemGroup>
</Project>